{
  "version": 4,
  "terraform_version": "0.12.5",
  "serial": 5,
  "lineage": "0ed541bf-3d03-59ee-3550-37b02fc9b27a",
  "outputs": {},
  "resources": [
    {
      "mode": "managed",
      "type": "google_container_cluster",
      "name": "gke-cluster",
      "provider": "provider.google",
      "instances": [
        {
          "schema_version": 1,
          "attributes": {
            "additional_zones": [],
            "addons_config": [
              {
                "horizontal_pod_autoscaling": [],
                "http_load_balancing": [],
                "kubernetes_dashboard": [
                  {
                    "disabled": true
                  }
                ],
                "network_policy_config": [
                  {
                    "disabled": true
                  }
                ]
              }
            ],
            "cluster_autoscaling": [],
            "cluster_ipv4_cidr": "10.8.0.0/14",
            "description": "",
            "enable_binary_authorization": null,
            "enable_intranode_visibility": null,
            "enable_kubernetes_alpha": false,
            "enable_legacy_abac": false,
            "enable_tpu": null,
            "endpoint": "35.237.40.249",
            "id": "twelvefa-gke-cluster",
            "initial_node_count": 0,
            "instance_group_urls": [
              "https://www.googleapis.com/compute/v1/projects/ori-tsauvajon/zones/us-east1-c/instanceGroups/gke-twelvefa-gke-clu-twelvefa-node-po-58208525-grp"
            ],
            "ip_allocation_policy": [],
            "location": "us-east1-c",
            "logging_service": "logging.googleapis.com",
            "maintenance_policy": [],
            "master_auth": [
              {
                "client_certificate": "",
                "client_certificate_config": [
                  {
                    "issue_client_certificate": false
                  }
                ],
                "client_key": "",
                "cluster_ca_certificate": "LS0tLS1CRUdJTiBDRVJUSUZJQ0FURS0tLS0tCk1JSURDekNDQWZPZ0F3SUJBZ0lRS1lYZm8xMVdTVGhrOHpSM3c4K1R5akFOQmdrcWhraUc5dzBCQVFzRkFEQXYKTVMwd0t3WURWUVFERXlReFkyUmxZVEl5TXkwM05UUXhMVFF4TnpJdE9UQTFNaTB4TTJKaE1UWTRNbVUwWlRRdwpIaGNOTVRrd09EQXhNVGt4T1RRMldoY05NalF3TnpNd01qQXhPVFEyV2pBdk1TMHdLd1lEVlFRREV5UXhZMlJsCllUSXlNeTAzTlRReExUUXhOekl0T1RBMU1pMHhNMkpoTVRZNE1tVTBaVFF3Z2dFaU1BMEdDU3FHU0liM0RRRUIKQVFVQUE0SUJEd0F3Z2dFS0FvSUJBUUR1OTZiS1JUdGVadHVLNmFaMngrcU1hL0w1dUhRemJQb0JiWGJHR3VlNQpvVTJoVWV3WTVYR1F6ZFEzWVJsZlJQbEZhVml4NmYrUmZwUUhRQnB1RGsrUnBYa1FrOGR3Y1FCNjVOVEV5L0R4CjdSTUJtbjBaVGE5ZXIyT2dnNmJvY1dITUlLdDJmUHFvSEUzcC9MQm1zRTd2UUxVV3FFeVhGS2RVbFh4L1VWYlEKMlJxNDhVS0JqQkxKWTVEVG1WNjdGaXI4MFZZV2JMQ3N6MXkyR0dNOUtCcEJLREdEM21YSkJmSE05ZSt1OWVKOApnRUtDUTQwUGp6djBBSFpPNmRWRXdBMWlZOE01eHlQeEhBR3FtYlBlN0Q3TTdReUtrVXhHR0NXbUoxTmlOaTdwCnRycHhob2NZNWtuQzR0dU5oUVJRNHFuNGtXQWJWZWxjVmdSTER0UXB1OWRkQWdNQkFBR2pJekFoTUE0R0ExVWQKRHdFQi93UUVBd0lDQkRBUEJnTlZIUk1CQWY4RUJUQURBUUgvTUEwR0NTcUdTSWIzRFFFQkN3VUFBNElCQVFCOApIOXJPMitrWXpSZUpUZDBkdXFGa2R1SE9BZTd2S3dTQlNZT0grZksvYlFvdUNzN3BBOEJ4dzBtYXlDTG1mREY3CmVHTjhkM3cvbDh0TDdYcEI5TlAwUmltc2JrU1phOHk4K3BMOE1MRkplWVZmNGo3RG5tUURBOGtTQ3gydUhaQjQKV3ZIeTVidjRMOTdSQ0tSWnRKLzZ1VHJULy9Pa3lkNTJYb0hUWlZjV2RsMG9TSFVLcngrOWk3THNoeDNFZUVSMwoyMzIxNEpXa3NKSTI3aVA2MFhqcmgyMlByQWdwbkZoczJYeGVka2ZBMHU0VVVSbXFKTU9KMWFFNktpb01lcnE0CjgwYnVyWUJCbFdSbDd3SnR5WEpMNWlJMHh6WHRKRFkzaGNTRis5NUlidUdmKzRBRjNseHNEc25hY3EyTm42NmwKVkhrS1cyOWJHNjh1YVFSY3BxclQKLS0tLS1FTkQgQ0VSVElGSUNBVEUtLS0tLQo=",
                "password": "",
                "username": ""
              }
            ],
            "master_authorized_networks_config": [],
            "master_version": "1.12.8-gke.10",
            "min_master_version": null,
            "monitoring_service": "monitoring.googleapis.com",
            "name": "twelvefa-gke-cluster",
            "network": "projects/ori-tsauvajon/global/networks/default",
            "network_policy": [
              {
                "enabled": false,
                "provider": "PROVIDER_UNSPECIFIED"
              }
            ],
            "node_config": [
              {
                "disk_size_gb": 30,
                "disk_type": "pd-standard",
                "guest_accelerator": [],
                "image_type": "COS",
                "labels": {},
                "local_ssd_count": 0,
                "machine_type": "n1-standard-1",
                "metadata": {
                  "disable-legacy-endpoints": "true"
                },
                "min_cpu_platform": "",
                "oauth_scopes": [
                  "https://www.googleapis.com/auth/devstorage.read_only",
                  "https://www.googleapis.com/auth/logging.write",
                  "https://www.googleapis.com/auth/monitoring"
                ],
                "preemptible": true,
                "sandbox_config": [],
                "service_account": "default",
                "tags": [],
                "taint": [],
                "workload_metadata_config": []
              }
            ],
            "node_locations": [],
            "node_pool": [
              {
                "autoscaling": [
                  {
                    "max_node_count": 5,
                    "min_node_count": 3
                  }
                ],
                "initial_node_count": 3,
                "instance_group_urls": [
                  "https://www.googleapis.com/compute/v1/projects/ori-tsauvajon/zones/us-east1-c/instanceGroupManagers/gke-twelvefa-gke-clu-twelvefa-node-po-58208525-grp"
                ],
                "management": [
                  {
                    "auto_repair": false,
                    "auto_upgrade": false
                  }
                ],
                "max_pods_per_node": 0,
                "name": "twelvefa-node-pool",
                "name_prefix": "",
                "node_config": [
                  {
                    "disk_size_gb": 30,
                    "disk_type": "pd-standard",
                    "guest_accelerator": [],
                    "image_type": "COS",
                    "labels": {},
                    "local_ssd_count": 0,
                    "machine_type": "n1-standard-1",
                    "metadata": {
                      "disable-legacy-endpoints": "true"
                    },
                    "min_cpu_platform": "",
                    "oauth_scopes": [
                      "https://www.googleapis.com/auth/devstorage.read_only",
                      "https://www.googleapis.com/auth/logging.write",
                      "https://www.googleapis.com/auth/monitoring"
                    ],
                    "preemptible": true,
                    "sandbox_config": [],
                    "service_account": "default",
                    "tags": null,
                    "taint": [],
                    "workload_metadata_config": []
                  }
                ],
                "node_count": 3,
                "version": "1.12.8-gke.10"
              }
            ],
            "node_version": "1.12.8-gke.10",
            "pod_security_policy_config": [],
            "private_cluster_config": [],
            "project": "ori-tsauvajon",
            "region": null,
            "remove_default_node_pool": null,
            "resource_labels": null,
            "services_ipv4_cidr": "10.11.240.0/20",
            "subnetwork": "projects/ori-tsauvajon/regions/us-east1/subnetworks/default",
            "timeouts": null,
            "zone": "us-east1-c"
          },
          "private": "eyJlMmJmYjczMC1lY2FhLTExZTYtOGY4OC0zNDM2M2JjN2M0YzAiOnsiY3JlYXRlIjoxODAwMDAwMDAwMDAwLCJkZWxldGUiOjE4MDAwMDAwMDAwMDAsInVwZGF0ZSI6MzYwMDAwMDAwMDAwMH0sInNjaGVtYV92ZXJzaW9uIjoiMSJ9"
        }
      ]
    }
  ]
}
